// !$*UTF8*$!
{
	archiveVersion = 1;
	classes = {
	};
	objectVersion = 48;
	objects = {

/* Begin PBXBuildFile section */
		604409551FC57B0300944A0B /* AppDelegate.m in Sources */ = {isa = PBXBuildFile; fileRef = 604409541FC57B0300944A0B /* AppDelegate.m */; };
		604409581FC57B0300944A0B /* ViewController.m in Sources */ = {isa = PBXBuildFile; fileRef = 604409571FC57B0300944A0B /* ViewController.m */; };
		6044095B1FC57B0300944A0B /* Main.storyboard in Resources */ = {isa = PBXBuildFile; fileRef = 604409591FC57B0300944A0B /* Main.storyboard */; };
		6044095D1FC57B0300944A0B /* Assets.xcassets in Resources */ = {isa = PBXBuildFile; fileRef = 6044095C1FC57B0300944A0B /* Assets.xcassets */; };
		604409601FC57B0300944A0B /* LaunchScreen.storyboard in Resources */ = {isa = PBXBuildFile; fileRef = 6044095E1FC57B0300944A0B /* LaunchScreen.storyboard */; };
		604409631FC57B0300944A0B /* main.m in Sources */ = {isa = PBXBuildFile; fileRef = 604409621FC57B0300944A0B /* main.m */; };
		6044096D1FC57B0400944A0B /* ____buttonTests.m in Sources */ = {isa = PBXBuildFile; fileRef = 6044096C1FC57B0400944A0B /* ____buttonTests.m */; };
		604409781FC57B0400944A0B /* ____buttonUITests.m in Sources */ = {isa = PBXBuildFile; fileRef = 604409771FC57B0400944A0B /* ____buttonUITests.m */; };
		604409881FC57CE700944A0B /* UIView+Extension.m in Sources */ = {isa = PBXBuildFile; fileRef = 604409861FC57CE700944A0B /* UIView+Extension.m */; };
		6044098B1FC57DC500944A0B /* DCVerticalButton.m in Sources */ = {isa = PBXBuildFile; fileRef = 6044098A1FC57DC500944A0B /* DCVerticalButton.m */; };
		604409931FC5836B00944A0B /* NSString+Size.m in Sources */ = {isa = PBXBuildFile; fileRef = 604409911FC5836B00944A0B /* NSString+Size.m */; };
		A036500435AC59BDDD86D83F /* libPods-动画添加button.a in Frameworks */ = {isa = PBXBuildFile; fileRef = 47DD530FC4AB16B9D572CC9C /* libPods-动画添加button.a */; };
/* End PBXBuildFile section */

/* Begin PBXContainerItemProxy section */
		604409691FC57B0300944A0B /* PBXContainerItemProxy */ = {
			isa = PBXContainerItemProxy;
			containerPortal = 604409481FC57B0300944A0B /* Project object */;
			proxyType = 1;
			remoteGlobalIDString = 6044094F1FC57B0300944A0B;
			remoteInfo = "动画添加button";
		};
		604409741FC57B0400944A0B /* PBXContainerItemProxy */ = {
			isa = PBXContainerItemProxy;
			containerPortal = 604409481FC57B0300944A0B /* Project object */;
			proxyType = 1;
			remoteGlobalIDString = 6044094F1FC57B0300944A0B;
			remoteInfo = "动画添加button";
		};
/* End PBXContainerItemProxy section */

/* Begin PBXFileReference section */
		0C1CBCD9313E1B29006774B5 /* Pods-动画添加button.release.xcconfig */ = {isa = PBXFileReference; includeInIndex = 1; lastKnownFileType = text.xcconfig; name = "Pods-动画添加button.release.xcconfig"; path = "Pods/Target Support Files/Pods-动画添加button/Pods-动画添加button.release.xcconfig"; sourceTree = "<group>"; };
		47DD530FC4AB16B9D572CC9C /* libPods-动画添加button.a */ = {isa = PBXFileReference; explicitFileType = archive.ar; includeInIndex = 0; path = "libPods-动画添加button.a"; sourceTree = BUILT_PRODUCTS_DIR; };
		534FB79877ABBBDB454FC575 /* Pods-动画添加button.debug.xcconfig */ = {isa = PBXFileReference; includeInIndex = 1; lastKnownFileType = text.xcconfig; name = "Pods-动画添加button.debug.xcconfig"; path = "Pods/Target Support Files/Pods-动画添加button/Pods-动画添加button.debug.xcconfig"; sourceTree = "<group>"; };
		604409501FC57B0300944A0B /* 动画添加button.app */ = {isa = PBXFileReference; explicitFileType = wrapper.application; includeInIndex = 0; path = "动画添加button.app"; sourceTree = BUILT_PRODUCTS_DIR; };
		604409531FC57B0300944A0B /* AppDelegate.h */ = {isa = PBXFileReference; lastKnownFileType = sourcecode.c.h; path = AppDelegate.h; sourceTree = "<group>"; };
		604409541FC57B0300944A0B /* AppDelegate.m */ = {isa = PBXFileReference; lastKnownFileType = sourcecode.c.objc; path = AppDelegate.m; sourceTree = "<group>"; };
		604409561FC57B0300944A0B /* ViewController.h */ = {isa = PBXFileReference; lastKnownFileType = sourcecode.c.h; path = ViewController.h; sourceTree = "<group>"; };
		604409571FC57B0300944A0B /* ViewController.m */ = {isa = PBXFileReference; lastKnownFileType = sourcecode.c.objc; path = ViewController.m; sourceTree = "<group>"; };
		6044095A1FC57B0300944A0B /* Base */ = {isa = PBXFileReference; lastKnownFileType = file.storyboard; name = Base; path = Base.lproj/Main.storyboard; sourceTree = "<group>"; };
		6044095C1FC57B0300944A0B /* Assets.xcassets */ = {isa = PBXFileReference; lastKnownFileType = folder.assetcatalog; path = Assets.xcassets; sourceTree = "<group>"; };
		6044095F1FC57B0300944A0B /* Base */ = {isa = PBXFileReference; lastKnownFileType = file.storyboard; name = Base; path = Base.lproj/LaunchScreen.storyboard; sourceTree = "<group>"; };
		604409611FC57B0300944A0B /* Info.plist */ = {isa = PBXFileReference; lastKnownFileType = text.plist.xml; path = Info.plist; sourceTree = "<group>"; };
		604409621FC57B0300944A0B /* main.m */ = {isa = PBXFileReference; lastKnownFileType = sourcecode.c.objc; path = main.m; sourceTree = "<group>"; };
		604409681FC57B0300944A0B /* 动画添加buttonTests.xctest */ = {isa = PBXFileReference; explicitFileType = wrapper.cfbundle; includeInIndex = 0; path = "动画添加buttonTests.xctest"; sourceTree = BUILT_PRODUCTS_DIR; };
		6044096C1FC57B0400944A0B /* ____buttonTests.m */ = {isa = PBXFileReference; lastKnownFileType = sourcecode.c.objc; path = "____buttonTests.m"; sourceTree = "<group>"; };
		6044096E1FC57B0400944A0B /* Info.plist */ = {isa = PBXFileReference; lastKnownFileType = text.plist.xml; path = Info.plist; sourceTree = "<group>"; };
		604409731FC57B0400944A0B /* 动画添加buttonUITests.xctest */ = {isa = PBXFileReference; explicitFileType = wrapper.cfbundle; includeInIndex = 0; path = "动画添加buttonUITests.xctest"; sourceTree = BUILT_PRODUCTS_DIR; };
		604409771FC57B0400944A0B /* ____buttonUITests.m */ = {isa = PBXFileReference; lastKnownFileType = sourcecode.c.objc; path = "____buttonUITests.m"; sourceTree = "<group>"; };
		604409791FC57B0400944A0B /* Info.plist */ = {isa = PBXFileReference; lastKnownFileType = text.plist.xml; path = Info.plist; sourceTree = "<group>"; };
		604409861FC57CE700944A0B /* UIView+Extension.m */ = {isa = PBXFileReference; lastKnownFileType = sourcecode.c.objc; path = "UIView+Extension.m"; sourceTree = "<group>"; };
		604409871FC57CE700944A0B /* UIView+Extension.h */ = {isa = PBXFileReference; lastKnownFileType = sourcecode.c.h; path = "UIView+Extension.h"; sourceTree = "<group>"; };
		604409891FC57DC500944A0B /* DCVerticalButton.h */ = {isa = PBXFileReference; lastKnownFileType = sourcecode.c.h; path = DCVerticalButton.h; sourceTree = "<group>"; };
		6044098A1FC57DC500944A0B /* DCVerticalButton.m */ = {isa = PBXFileReference; lastKnownFileType = sourcecode.c.objc; path = DCVerticalButton.m; sourceTree = "<group>"; };
		604409911FC5836B00944A0B /* NSString+Size.m */ = {isa = PBXFileReference; lastKnownFileType = sourcecode.c.objc; path = "NSString+Size.m"; sourceTree = "<group>"; };
		604409921FC5836B00944A0B /* NSString+Size.h */ = {isa = PBXFileReference; lastKnownFileType = sourcecode.c.h; path = "NSString+Size.h"; sourceTree = "<group>"; };
		604409961FC585D900944A0B /* timg.jpg */ = {isa = PBXFileReference; lastKnownFileType = image.jpeg; path = timg.jpg; sourceTree = "<group>"; };
/* End PBXFileReference section */

/* Begin PBXFrameworksBuildPhase section */
		6044094D1FC57B0300944A0B /* Frameworks */ = {
			isa = PBXFrameworksBuildPhase;
			buildActionMask = 2147483647;
			files = (
				A036500435AC59BDDD86D83F /* libPods-动画添加button.a in Frameworks */,
			);
			runOnlyForDeploymentPostprocessing = 0;
		};
		604409651FC57B0300944A0B /* Frameworks */ = {
			isa = PBXFrameworksBuildPhase;
			buildActionMask = 2147483647;
			files = (
			);
			runOnlyForDeploymentPostprocessing = 0;
		};
		604409701FC57B0400944A0B /* Frameworks */ = {
			isa = PBXFrameworksBuildPhase;
			buildActionMask = 2147483647;
			files = (
			);
			runOnlyForDeploymentPostprocessing = 0;
		};
/* End PBXFrameworksBuildPhase section */

/* Begin PBXGroup section */
		604409471FC57B0300944A0B = {
			isa = PBXGroup;
			children = (
				604409521FC57B0300944A0B /* 动画添加button */,
				6044096B1FC57B0300944A0B /* 动画添加buttonTests */,
				604409761FC57B0400944A0B /* 动画添加buttonUITests */,
				604409511FC57B0300944A0B /* Products */,
				D3D074DA3DA5D5143656B030 /* Pods */,
				7B2448C1FB0A453A272B5394 /* Frameworks */,
			);
			sourceTree = "<group>";
		};
		604409511FC57B0300944A0B /* Products */ = {
			isa = PBXGroup;
			children = (
				604409501FC57B0300944A0B /* 动画添加button.app */,
				604409681FC57B0300944A0B /* 动画添加buttonTests.xctest */,
				604409731FC57B0400944A0B /* 动画添加buttonUITests.xctest */,
			);
			name = Products;
			sourceTree = "<group>";
		};
		604409521FC57B0300944A0B /* 动画添加button */ = {
			isa = PBXGroup;
			children = (
				604409961FC585D900944A0B /* timg.jpg */,
				6044098C1FC57DF900944A0B /* DCTool */,
				604409531FC57B0300944A0B /* AppDelegate.h */,
				604409541FC57B0300944A0B /* AppDelegate.m */,
				604409561FC57B0300944A0B /* ViewController.h */,
				604409571FC57B0300944A0B /* ViewController.m */,
				604409591FC57B0300944A0B /* Main.storyboard */,
				6044095C1FC57B0300944A0B /* Assets.xcassets */,
				6044095E1FC57B0300944A0B /* LaunchScreen.storyboard */,
				604409611FC57B0300944A0B /* Info.plist */,
				604409621FC57B0300944A0B /* main.m */,
			);
			path = "动画添加button";
			sourceTree = "<group>";
		};
		6044096B1FC57B0300944A0B /* 动画添加buttonTests */ = {
			isa = PBXGroup;
			children = (
				6044096C1FC57B0400944A0B /* ____buttonTests.m */,
				6044096E1FC57B0400944A0B /* Info.plist */,
			);
			path = "动画添加buttonTests";
			sourceTree = "<group>";
		};
		604409761FC57B0400944A0B /* 动画添加buttonUITests */ = {
			isa = PBXGroup;
			children = (
				604409771FC57B0400944A0B /* ____buttonUITests.m */,
				604409791FC57B0400944A0B /* Info.plist */,
			);
			path = "动画添加buttonUITests";
			sourceTree = "<group>";
		};
		6044098C1FC57DF900944A0B /* DCTool */ = {
			isa = PBXGroup;
			children = (
				604409921FC5836B00944A0B /* NSString+Size.h */,
				604409911FC5836B00944A0B /* NSString+Size.m */,
				604409871FC57CE700944A0B /* UIView+Extension.h */,
				604409861FC57CE700944A0B /* UIView+Extension.m */,
				604409891FC57DC500944A0B /* DCVerticalButton.h */,
				6044098A1FC57DC500944A0B /* DCVerticalButton.m */,
			);
			path = DCTool;
			sourceTree = "<group>";
		};
		7B2448C1FB0A453A272B5394 /* Frameworks */ = {
			isa = PBXGroup;
			children = (
				47DD530FC4AB16B9D572CC9C /* libPods-动画添加button.a */,
			);
			name = Frameworks;
			sourceTree = "<group>";
		};
		D3D074DA3DA5D5143656B030 /* Pods */ = {
			isa = PBXGroup;
			children = (
				534FB79877ABBBDB454FC575 /* Pods-动画添加button.debug.xcconfig */,
				0C1CBCD9313E1B29006774B5 /* Pods-动画添加button.release.xcconfig */,
			);
			name = Pods;
			sourceTree = "<group>";
		};
/* End PBXGroup section */

/* Begin PBXNativeTarget section */
		6044094F1FC57B0300944A0B /* 动画添加button */ = {
			isa = PBXNativeTarget;
			buildConfigurationList = 6044097C1FC57B0400944A0B /* Build configuration list for PBXNativeTarget "动画添加button" */;
			buildPhases = (
				73B019629ED2586C58102A52 /* [CP] Check Pods Manifest.lock */,
				6044094C1FC57B0300944A0B /* Sources */,
				6044094D1FC57B0300944A0B /* Frameworks */,
				6044094E1FC57B0300944A0B /* Resources */,
				D8ED2E7289EA16C2F3DAE56F /* [CP] Embed Pods Frameworks */,
				3C443DE2139821B2747CBE98 /* [CP] Copy Pods Resources */,
			);
			buildRules = (
			);
			dependencies = (
			);
			name = "动画添加button";
			productName = "动画添加button";
			productReference = 604409501FC57B0300944A0B /* 动画添加button.app */;
			productType = "com.apple.product-type.application";
		};
		604409671FC57B0300944A0B /* 动画添加buttonTests */ = {
			isa = PBXNativeTarget;
			buildConfigurationList = 6044097F1FC57B0400944A0B /* Build configuration list for PBXNativeTarget "动画添加buttonTests" */;
			buildPhases = (
				604409641FC57B0300944A0B /* Sources */,
				604409651FC57B0300944A0B /* Frameworks */,
				604409661FC57B0300944A0B /* Resources */,
			);
			buildRules = (
			);
			dependencies = (
				6044096A1FC57B0300944A0B /* PBXTargetDependency */,
			);
			name = "动画添加buttonTests";
			productName = "动画添加buttonTests";
			productReference = 604409681FC57B0300944A0B /* 动画添加buttonTests.xctest */;
			productType = "com.apple.product-type.bundle.unit-test";
		};
		604409721FC57B0400944A0B /* 动画添加buttonUITests */ = {
			isa = PBXNativeTarget;
			buildConfigurationList = 604409821FC57B0400944A0B /* Build configuration list for PBXNativeTarget "动画添加buttonUITests" */;
			buildPhases = (
				6044096F1FC57B0400944A0B /* Sources */,
				604409701FC57B0400944A0B /* Frameworks */,
				604409711FC57B0400944A0B /* Resources */,
			);
			buildRules = (
			);
			dependencies = (
				604409751FC57B0400944A0B /* PBXTargetDependency */,
			);
			name = "动画添加buttonUITests";
			productName = "动画添加buttonUITests";
			productReference = 604409731FC57B0400944A0B /* 动画添加buttonUITests.xctest */;
			productType = "com.apple.product-type.bundle.ui-testing";
		};
/* End PBXNativeTarget section */

/* Begin PBXProject section */
		604409481FC57B0300944A0B /* Project object */ = {
			isa = PBXProject;
			attributes = {
				LastUpgradeCheck = 0900;
				ORGANIZATIONNAME = wenhua;
				TargetAttributes = {
					6044094F1FC57B0300944A0B = {
						CreatedOnToolsVersion = 9.0;
						ProvisioningStyle = Automatic;
					};
					604409671FC57B0300944A0B = {
						CreatedOnToolsVersion = 9.0;
						ProvisioningStyle = Automatic;
						TestTargetID = 6044094F1FC57B0300944A0B;
					};
					604409721FC57B0400944A0B = {
						CreatedOnToolsVersion = 9.0;
						ProvisioningStyle = Automatic;
						TestTargetID = 6044094F1FC57B0300944A0B;
					};
				};
			};
			buildConfigurationList = 6044094B1FC57B0300944A0B /* Build configuration list for PBXProject "动画添加button" */;
			compatibilityVersion = "Xcode 8.0";
			developmentRegion = en;
			hasScannedForEncodings = 0;
			knownRegions = (
				en,
				Base,
			);
			mainGroup = 604409471FC57B0300944A0B;
			productRefGroup = 604409511FC57B0300944A0B /* Products */;
			projectDirPath = "";
			projectRoot = "";
			targets = (
				6044094F1FC57B0300944A0B /* 动画添加button */,
				604409671FC57B0300944A0B /* 动画添加buttonTests */,
				604409721FC57B0400944A0B /* 动画添加buttonUITests */,
			);
		};
/* End PBXProject section */

/* Begin PBXResourcesBuildPhase section */
		6044094E1FC57B0300944A0B /* Resources */ = {
			isa = PBXResourcesBuildPhase;
			buildActionMask = 2147483647;
			files = (
				604409601FC57B0300944A0B /* LaunchScreen.storyboard in Resources */,
				6044095D1FC57B0300944A0B /* Assets.xcassets in Resources */,
				6044095B1FC57B0300944A0B /* Main.storyboard in Resources */,
			);
			runOnlyForDeploymentPostprocessing = 0;
		};
		604409661FC57B0300944A0B /* Resources */ = {
			isa = PBXResourcesBuildPhase;
			buildActionMask = 2147483647;
			files = (
			);
			runOnlyForDeploymentPostprocessing = 0;
		};
		604409711FC57B0400944A0B /* Resources */ = {
			isa = PBXResourcesBuildPhase;
			buildActionMask = 2147483647;
			files = (
			);
			runOnlyForDeploymentPostprocessing = 0;
		};
/* End PBXResourcesBuildPhase section */

/* Begin PBXShellScriptBuildPhase section */
		3C443DE2139821B2747CBE98 /* [CP] Copy Pods Resources */ = {
			isa = PBXShellScriptBuildPhase;
			buildActionMask = 2147483647;
			files = (
			);
			inputPaths = (
			);
			name = "[CP] Copy Pods Resources";
			outputPaths = (
			);
			runOnlyForDeploymentPostprocessing = 0;
			shellPath = /bin/sh;
			shellScript = "\"${SRCROOT}/Pods/Target Support Files/Pods-动画添加button/Pods-动画添加button-resources.sh\"\n";
			showEnvVarsInLog = 0;
		};
		73B019629ED2586C58102A52 /* [CP] Check Pods Manifest.lock */ = {
			isa = PBXShellScriptBuildPhase;
			buildActionMask = 2147483647;
			files = (
			);
			inputPaths = (
				"${PODS_PODFILE_DIR_PATH}/Podfile.lock",
				"${PODS_ROOT}/Manifest.lock",
			);
			name = "[CP] Check Pods Manifest.lock";
			outputPaths = (
				"$(DERIVED_FILE_DIR)/Pods-动画添加button-checkManifestLockResult.txt",
			);
			runOnlyForDeploymentPostprocessing = 0;
			shellPath = /bin/sh;
			shellScript = "diff \"${PODS_PODFILE_DIR_PATH}/Podfile.lock\" \"${PODS_ROOT}/Manifest.lock\" > /dev/null\nif [ $? != 0 ] ; then\n    # print error to STDERR\n    echo \"error: The sandbox is not in sync with the Podfile.lock. Run 'pod install' or update your CocoaPods installation.\" >&2\n    exit 1\nfi\n# This output is used by Xcode 'outputs' to avoid re-running this script phase.\necho \"SUCCESS\" > \"${SCRIPT_OUTPUT_FILE_0}\"\n";
			showEnvVarsInLog = 0;
		};
		D8ED2E7289EA16C2F3DAE56F /* [CP] Embed Pods Frameworks */ = {
			isa = PBXShellScriptBuildPhase;
			buildActionMask = 2147483647;
			files = (
			);
			inputPaths = (
			);
			name = "[CP] Embed Pods Frameworks";
			outputPaths = (
			);
			runOnlyForDeploymentPostprocessing = 0;
			shellPath = /bin/sh;
			shellScript = "\"${SRCROOT}/Pods/Target Support Files/Pods-动画添加button/Pods-动画添加button-frameworks.sh\"\n";
			showEnvVarsInLog = 0;
		};
/* End PBXShellScriptBuildPhase section */

/* Begin PBXSourcesBuildPhase section */
		6044094C1FC57B0300944A0B /* Sources */ = {
			isa = PBXSourcesBuildPhase;
			buildActionMask = 2147483647;
			files = (
				604409581FC57B0300944A0B /* ViewController.m in Sources */,
				604409631FC57B0300944A0B /* main.m in Sources */,
				604409881FC57CE700944A0B /* UIView+Extension.m in Sources */,
				6044098B1FC57DC500944A0B /* DCVerticalButton.m in Sources */,
				604409931FC5836B00944A0B /* NSString+Size.m in Sources */,
				604409551FC57B0300944A0B /* AppDelegate.m in Sources */,
			);
			runOnlyForDeploymentPostprocessing = 0;
		};
		604409641FC57B0300944A0B /* Sources */ = {
			isa = PBXSourcesBuildPhase;
			buildActionMask = 2147483647;
			files = (
				6044096D1FC57B0400944A0B /* ____buttonTests.m in Sources */,
			);
			runOnlyForDeploymentPostprocessing = 0;
		};
		6044096F1FC57B0400944A0B /* Sources */ = {
			isa = PBXSourcesBuildPhase;
			buildActionMask = 2147483647;
			files = (
				604409781FC57B0400944A0B /* ____buttonUITests.m in Sources */,
			);
			runOnlyForDeploymentPostprocessing = 0;
		};
/* End PBXSourcesBuildPhase section */

/* Begin PBXTargetDependency section */
		6044096A1FC57B0300944A0B /* PBXTargetDependency */ = {
			isa = PBXTargetDependency;
			target = 6044094F1FC57B0300944A0B /* 动画添加button */;
			targetProxy = 604409691FC57B0300944A0B /* PBXContainerItemProxy */;
		};
		604409751FC57B0400944A0B /* PBXTargetDependency */ = {
			isa = PBXTargetDependency;
			target = 6044094F1FC57B0300944A0B /* 动画添加button */;
			targetProxy = 604409741FC57B0400944A0B /* PBXContainerItemProxy */;
		};
/* End PBXTargetDependency section */

/* Begin PBXVariantGroup section */
		604409591FC57B0300944A0B /* Main.storyboard */ = {
			isa = PBXVariantGroup;
			children = (
				6044095A1FC57B0300944A0B /* Base */,
			);
			name = Main.storyboard;
			sourceTree = "<group>";
		};
		6044095E1FC57B0300944A0B /* LaunchScreen.storyboard */ = {
			isa = PBXVariantGroup;
			children = (
				6044095F1FC57B0300944A0B /* Base */,
			);
			name = LaunchScreen.storyboard;
			sourceTree = "<group>";
		};
/* End PBXVariantGroup section */

/* Begin XCBuildConfiguration section */
		6044097A1FC57B0400944A0B /* Debug */ = {
			isa = XCBuildConfiguration;
			buildSettings = {
				ALWAYS_SEARCH_USER_PATHS = NO;
				CLANG_ANALYZER_NONNULL = YES;
				CLANG_ANALYZER_NUMBER_OBJECT_CONVERSION = YES_AGGRESSIVE;
				CLANG_CXX_LANGUAGE_STANDARD = "gnu++14";
				CLANG_CXX_LIBRARY = "libc++";
				CLANG_ENABLE_MODULES = YES;
				CLANG_ENABLE_OBJC_ARC = YES;
				CLANG_WARN_BLOCK_CAPTURE_AUTORELEASING = YES;
				CLANG_WARN_BOOL_CONVERSION = YES;
				CLANG_WARN_COMMA = YES;
				CLANG_WARN_CONSTANT_CONVERSION = YES;
				CLANG_WARN_DIRECT_OBJC_ISA_USAGE = YES_ERROR;
				CLANG_WARN_DOCUMENTATION_COMMENTS = YES;
				CLANG_WARN_EMPTY_BODY = YES;
				CLANG_WARN_ENUM_CONVERSION = YES;
				CLANG_WARN_INFINITE_RECURSION = YES;
				CLANG_WARN_INT_CONVERSION = YES;
				CLANG_WARN_NON_LITERAL_NULL_CONVERSION = YES;
				CLANG_WARN_OBJC_LITERAL_CONVERSION = YES;
				CLANG_WARN_OBJC_ROOT_CLASS = YES_ERROR;
				CLANG_WARN_RANGE_LOOP_ANALYSIS = YES;
				CLANG_WARN_STRICT_PROTOTYPES = YES;
				CLANG_WARN_SUSPICIOUS_MOVE = YES;
				CLANG_WARN_UNGUARDED_AVAILABILITY = YES_AGGRESSIVE;
				CLANG_WARN_UNREACHABLE_CODE = YES;
				CLANG_WARN__DUPLICATE_METHOD_MATCH = YES;
				CODE_SIGN_IDENTITY = "iPhone Developer";
				COPY_PHASE_STRIP = NO;
				DEBUG_INFORMATION_FORMAT = dwarf;
				ENABLE_STRICT_OBJC_MSGSEND = YES;
				ENABLE_TESTABILITY = YES;
				GCC_C_LANGUAGE_STANDARD = gnu11;
				GCC_DYNAMIC_NO_PIC = NO;
				GCC_NO_COMMON_BLOCKS = YES;
				GCC_OPTIMIZATION_LEVEL = 0;
				GCC_PREPROCESSOR_DEFINITIONS = (
					"DEBUG=1",
					"$(inherited)",
				);
				GCC_WARN_64_TO_32_BIT_CONVERSION = YES;
				GCC_WARN_ABOUT_RETURN_TYPE = YES_ERROR;
				GCC_WARN_UNDECLARED_SELECTOR = YES;
				GCC_WARN_UNINITIALIZED_AUTOS = YES_AGGRESSIVE;
				GCC_WARN_UNUSED_FUNCTION = YES;
				GCC_WARN_UNUSED_VARIABLE = YES;
				IPHONEOS_DEPLOYMENT_TARGET = 11.0;
				MTL_ENABLE_DEBUG_INFO = YES;
				ONLY_ACTIVE_ARCH = YES;
				SDKROOT = iphoneos;
			};
			name = Debug;
		};
		6044097B1FC57B0400944A0B /* Release */ = {
			isa = XCBuildConfiguration;
			buildSettings = {
				ALWAYS_SEARCH_USER_PATHS = NO;
				CLANG_ANALYZER_NONNULL = YES;
				CLANG_ANALYZER_NUMBER_OBJECT_CONVERSION = YES_AGGRESSIVE;
				CLANG_CXX_LANGUAGE_STANDARD = "gnu++14";
				CLANG_CXX_LIBRARY = "libc++";
				CLANG_ENABLE_MODULES = YES;
				CLANG_ENABLE_OBJC_ARC = YES;
				CLANG_WARN_BLOCK_CAPTURE_AUTORELEASING = YES;
				CLANG_WARN_BOOL_CONVERSION = YES;
				CLANG_WARN_COMMA = YES;
				CLANG_WARN_CONSTANT_CONVERSION = YES;
				CLANG_WARN_DIRECT_OBJC_ISA_USAGE = YES_ERROR;
				CLANG_WARN_DOCUMENTATION_COMMENTS = YES;
				CLANG_WARN_EMPTY_BODY = YES;
				CLANG_WARN_ENUM_CONVERSION = YES;
				CLANG_WARN_INFINITE_RECURSION = YES;
				CLANG_WARN_INT_CONVERSION = YES;
				CLANG_WARN_NON_LITERAL_NULL_CONVERSION = YES;
				CLANG_WARN_OBJC_LITERAL_CONVERSION = YES;
				CLANG_WARN_OBJC_ROOT_CLASS = YES_ERROR;
				CLANG_WARN_RANGE_LOOP_ANALYSIS = YES;
				CLANG_WARN_STRICT_PROTOTYPES = YES;
				CLANG_WARN_SUSPICIOUS_MOVE = YES;
				CLANG_WARN_UNGUARDED_AVAILABILITY = YES_AGGRESSIVE;
				CLANG_WARN_UNREACHABLE_CODE = YES;
				CLANG_WARN__DUPLICATE_METHOD_MATCH = YES;
				CODE_SIGN_IDENTITY = "iPhone Developer";
				COPY_PHASE_STRIP = NO;
				DEBUG_INFORMATION_FORMAT = "dwarf-with-dsym";
				ENABLE_NS_ASSERTIONS = NO;
				ENABLE_STRICT_OBJC_MSGSEND = YES;
				GCC_C_LANGUAGE_STANDARD = gnu11;
				GCC_NO_COMMON_BLOCKS = YES;
				GCC_WARN_64_TO_32_BIT_CONVERSION = YES;
				GCC_WARN_ABOUT_RETURN_TYPE = YES_ERROR;
				GCC_WARN_UNDECLARED_SELECTOR = YES;
				GCC_WARN_UNINITIALIZED_AUTOS = YES_AGGRESSIVE;
				GCC_WARN_UNUSED_FUNCTION = YES;
				GCC_WARN_UNUSED_VARIABLE = YES;
				IPHONEOS_DEPLOYMENT_TARGET = 11.0;
				MTL_ENABLE_DEBUG_INFO = NO;
				SDKROOT = iphoneos;
				VALIDATE_PRODUCT = YES;
			};
			name = Release;
		};
		6044097D1FC57B0400944A0B /* Debug */ = {
			isa = XCBuildConfiguration;
			baseConfigurationReference = 534FB79877ABBBDB454FC575 /* Pods-动画添加button.debug.xcconfig */;
			buildSettings = {
				ASSETCATALOG_COMPILER_APPICON_NAME = AppIcon;
				CODE_SIGN_STYLE = Automatic;
				DEVELOPMENT_TEAM = 54MPCG4PLY;
				INFOPLIST_FILE = "动画添加button/Info.plist";
				LD_RUNPATH_SEARCH_PATHS = "$(inherited) @executable_path/Frameworks";
				PRODUCT_BUNDLE_IDENTIFIER = "com.ulearning.cn.----button";
				PRODUCT_NAME = "$(TARGET_NAME)";
				TARGETED_DEVICE_FAMILY = "1,2";
			};
			name = Debug;
		};
		6044097E1FC57B0400944A0B /* Release */ = {
			isa = XCBuildConfiguration;
			baseConfigurationReference = 0C1CBCD9313E1B29006774B5 /* Pods-动画添加button.release.xcconfig */;
			buildSettings = {
				ASSETCATALOG_COMPILER_APPICON_NAME = AppIcon;
				CODE_SIGN_STYLE = Automatic;
				DEVELOPMENT_TEAM = 54MPCG4PLY;
				INFOPLIST_FILE = "动画添加button/Info.plist";
				LD_RUNPATH_SEARCH_PATHS = "$(inherited) @executable_path/Frameworks";
				PRODUCT_BUNDLE_IDENTIFIER = "com.ulearning.cn.----button";
				PRODUCT_NAME = "$(TARGET_NAME)";
				TARGETED_DEVICE_FAMILY = "1,2";
			};
			name = Release;
		};
		604409801FC57B0400944A0B /* Debug */ = {
			isa = XCBuildConfiguration;
			buildSettings = {
				BUNDLE_LOADER = "$(TEST_HOST)";
				CODE_SIGN_STYLE = Automatic;
				DEVELOPMENT_TEAM = 54MPCG4PLY;
				INFOPLIST_FILE = "动画添加buttonTests/Info.plist";
				LD_RUNPATH_SEARCH_PATHS = "$(inherited) @executable_path/Frameworks @loader_path/Frameworks";
				PRODUCT_BUNDLE_IDENTIFIER = "com.ulearning.cn.----buttonTests";
				PRODUCT_NAME = "$(TARGET_NAME)";
				TARGETED_DEVICE_FAMILY = "1,2";
				TEST_HOST = "$(BUILT_PRODUCTS_DIR)/动画添加button.app/动画添加button";
			};
			name = Debug;
		};
		604409811FC57B0400944A0B /* Release */ = {
			isa = XCBuildConfiguration;
			buildSettings = {
				BUNDLE_LOADER = "$(TEST_HOST)";
				CODE_SIGN_STYLE = Automatic;
				DEVELOPMENT_TEAM = 54MPCG4PLY;
				INFOPLIST_FILE = "动画添加buttonTests/Info.plist";
				LD_RUNPATH_SEARCH_PATHS = "$(inherited) @executable_path/Frameworks @loader_path/Frameworks";
				PRODUCT_BUNDLE_IDENTIFIER = "com.ulearning.cn.----buttonTests";
				PRODUCT_NAME = "$(TARGET_NAME)";
				TARGETED_DEVICE_FAMILY = "1,2";
				TEST_HOST = "$(BUILT_PRODUCTS_DIR)/动画添加button.app/动画添加button";
			};
			name = Release;
		};
		604409831FC57B0400944A0B /* Debug */ = {
			isa = XCBuildConfiguration;
			buildSettings = {
				CODE_SIGN_STYLE = Automatic;
				DEVELOPMENT_TEAM = 54MPCG4PLY;
				INFOPLIST_FILE = "动画添加buttonUITests/Info.plist";
				LD_RUNPATH_SEARCH_PATHS = "$(inherited) @executable_path/Frameworks @loader_path/Frameworks";
				PRODUCT_BUNDLE_IDENTIFIER = "com.ulearning.cn.----buttonUITests";
				PRODUCT_NAME = "$(TARGET_NAME)";
				TARGETED_DEVICE_FAMILY = "1,2";
				TEST_TARGET_NAME = "动画添加button";
			};
			name = Debug;
		};
		604409841FC57B0400944A0B /* Release */ = {
			isa = XCBuildConfiguration;
			buildSettings = {
				CODE_SIGN_STYLE = Automatic;
				DEVELOPMENT_TEAM = 54MPCG4PLY;
				INFOPLIST_FILE = "动画添加buttonUITests/Info.plist";
				LD_RUNPATH_SEARCH_PATHS = "$(inherited) @executable_path/Frameworks @loader_path/Frameworks";
				PRODUCT_BUNDLE_IDENTIFIER = "com.ulearning.cn.----buttonUITests";
				PRODUCT_NAME = "$(TARGET_NAME)";
				TARGETED_DEVICE_FAMILY = "1,2";
				TEST_TARGET_NAME = "动画添加button";
			};
			name = Release;
		};
/* End XCBuildConfiguration section */

/* Begin XCConfigurationList section */
		6044094B1FC57B0300944A0B /* Build configuration list for PBXProject "动画添加button" */ = {
			isa = XCConfigurationList;
			buildConfigurations = (
				6044097A1FC57B0400944A0B /* Debug */,
				6044097B1FC57B0400944A0B /* Release */,
			);
			defaultConfigurationIsVisible = 0;
			defaultConfigurationName = Release;
		};
		6044097C1FC57B0400944A0B /* Build configuration list for PBXNativeTarget "动画添加button" */ = {
			isa = XCConfigurationList;
			buildConfigurations = (
				6044097D1FC57B0400944A0B /* Debug */,
				6044097E1FC57B0400944A0B /* Release */,
			);
			defaultConfigurationIsVisible = 0;
			defaultConfigurationName = Release;
		};
		6044097F1FC57B0400944A0B /* Build configuration list for PBXNativeTarget "动画添加buttonTests" */ = {
			isa = XCConfigurationList;
			buildConfigurations = (
				604409801FC57B0400944A0B /* Debug */,
				604409811FC57B0400944A0B /* Release */,
			);
			defaultConfigurationIsVisible = 0;
			defaultConfigurationName = Release;
		};
		604409821FC57B0400944A0B /* Build configuration list for PBXNativeTarget "动画添加buttonUITests" */ = {
			isa = XCConfigurationList;
			buildConfigurations = (
				604409831FC57B0400944A0B /* Debug */,
				604409841FC57B0400944A0B /* Release */,
			);
			defaultConfigurationIsVisible = 0;
			defaultConfigurationName = Release;
		};
/* End XCConfigurationList section */
	};
	rootObject = 604409481FC57B0300944A0B /* Project object */;
}
